// !$*UTF8*$!
{
	archiveVersion = 1;
	classes = {
	};
	objectVersion = 55;
	objects = {

/* Begin PBXBuildFile section */
		7703193B28B43A5F00B73161 /* CleanArchitectureDemoApp.swift in Sources */ = {isa = PBXBuildFile; fileRef = 7703193A28B43A5F00B73161 /* CleanArchitectureDemoApp.swift */; };
		7703193D28B43A5F00B73161 /* ContentView.swift in Sources */ = {isa = PBXBuildFile; fileRef = 7703193C28B43A5F00B73161 /* ContentView.swift */; };
		7703193F28B43A6000B73161 /* Assets.xcassets in Resources */ = {isa = PBXBuildFile; fileRef = 7703193E28B43A6000B73161 /* Assets.xcassets */; };
		7703194228B43A6000B73161 /* Preview Assets.xcassets in Resources */ = {isa = PBXBuildFile; fileRef = 7703194128B43A6000B73161 /* Preview Assets.xcassets */; };
		7703195E28B44D1C00B73161 /* CategoriesRepository.swift in Sources */ = {isa = PBXBuildFile; fileRef = 7703195928B44D1C00B73161 /* CategoriesRepository.swift */; };
		7703195F28B44D1C00B73161 /* CategoriesDomainModel.swift in Sources */ = {isa = PBXBuildFile; fileRef = 7703195B28B44D1C00B73161 /* CategoriesDomainModel.swift */; };
		7703196028B44D1C00B73161 /* GetCategoriesUseCase.swift in Sources */ = {isa = PBXBuildFile; fileRef = 7703195D28B44D1C00B73161 /* GetCategoriesUseCase.swift */; };
/* End PBXBuildFile section */

/* Begin PBXFileReference section */
		7703193728B43A5F00B73161 /* CleanArchitectureDemo.app */ = {isa = PBXFileReference; explicitFileType = wrapper.application; includeInIndex = 0; path = CleanArchitectureDemo.app; sourceTree = BUILT_PRODUCTS_DIR; };
		7703193A28B43A5F00B73161 /* CleanArchitectureDemoApp.swift */ = {isa = PBXFileReference; lastKnownFileType = sourcecode.swift; path = CleanArchitectureDemoApp.swift; sourceTree = "<group>"; };
		7703193C28B43A5F00B73161 /* ContentView.swift */ = {isa = PBXFileReference; lastKnownFileType = sourcecode.swift; path = ContentView.swift; sourceTree = "<group>"; };
		7703193E28B43A6000B73161 /* Assets.xcassets */ = {isa = PBXFileReference; lastKnownFileType = folder.assetcatalog; path = Assets.xcassets; sourceTree = "<group>"; };
		7703194128B43A6000B73161 /* Preview Assets.xcassets */ = {isa = PBXFileReference; lastKnownFileType = folder.assetcatalog; path = "Preview Assets.xcassets"; sourceTree = "<group>"; };
		7703195928B44D1C00B73161 /* CategoriesRepository.swift */ = {isa = PBXFileReference; fileEncoding = 4; lastKnownFileType = sourcecode.swift; path = CategoriesRepository.swift; sourceTree = "<group>"; };
		7703195B28B44D1C00B73161 /* CategoriesDomainModel.swift */ = {isa = PBXFileReference; fileEncoding = 4; lastKnownFileType = sourcecode.swift; path = CategoriesDomainModel.swift; sourceTree = "<group>"; };
		7703195D28B44D1C00B73161 /* GetCategoriesUseCase.swift */ = {isa = PBXFileReference; fileEncoding = 4; lastKnownFileType = sourcecode.swift; path = GetCategoriesUseCase.swift; sourceTree = "<group>"; };
/* End PBXFileReference section */

/* Begin PBXFrameworksBuildPhase section */
		7703193428B43A5F00B73161 /* Frameworks */ = {
			isa = PBXFrameworksBuildPhase;
			buildActionMask = 2147483647;
			files = (
			);
			runOnlyForDeploymentPostprocessing = 0;
		};
/* End PBXFrameworksBuildPhase section */

/* Begin PBXGroup section */
		7703192E28B43A5E00B73161 = {
			isa = PBXGroup;
			children = (
				7703193928B43A5F00B73161 /* CleanArchitectureDemo */,
				7703193828B43A5F00B73161 /* Products */,
			);
			sourceTree = "<group>";
		};
		7703193828B43A5F00B73161 /* Products */ = {
			isa = PBXGroup;
			children = (
				7703193728B43A5F00B73161 /* CleanArchitectureDemo.app */,
			);
			name = Products;
			sourceTree = "<group>";
		};
		7703193928B43A5F00B73161 /* CleanArchitectureDemo */ = {
			isa = PBXGroup;
			children = (
				7703195728B44D1C00B73161 /* Domain */,
				7703193A28B43A5F00B73161 /* CleanArchitectureDemoApp.swift */,
				7703193C28B43A5F00B73161 /* ContentView.swift */,
				7703193E28B43A6000B73161 /* Assets.xcassets */,
				7703194028B43A6000B73161 /* Preview Content */,
			);
			path = CleanArchitectureDemo;
			sourceTree = "<group>";
		};
		7703194028B43A6000B73161 /* Preview Content */ = {
			isa = PBXGroup;
			children = (
				7703194128B43A6000B73161 /* Preview Assets.xcassets */,
			);
			path = "Preview Content";
			sourceTree = "<group>";
		};
		7703195728B44D1C00B73161 /* Domain */ = {
			isa = PBXGroup;
			children = (
				7703195828B44D1C00B73161 /* Repository */,
				7703195A28B44D1C00B73161 /* Model */,
				7703195C28B44D1C00B73161 /* UseCase */,
			);
			name = Domain;
			path = ../../CleanArchitectureProducts/CleanArchitectureProducts/Domain;
			sourceTree = "<group>";
		};
		7703195828B44D1C00B73161 /* Repository */ = {
			isa = PBXGroup;
			children = (
				7703195928B44D1C00B73161 /* CategoriesRepository.swift */,
			);
			path = Repository;
			sourceTree = "<group>";
		};
		7703195A28B44D1C00B73161 /* Model */ = {
			isa = PBXGroup;
			children = (
				7703195B28B44D1C00B73161 /* CategoriesDomainModel.swift */,
			);
			path = Model;
			sourceTree = "<group>";
		};
		7703195C28B44D1C00B73161 /* UseCase */ = {
			isa = PBXGroup;
			children = (
				7703195D28B44D1C00B73161 /* GetCategoriesUseCase.swift */,
			);
			path = UseCase;
			sourceTree = "<group>";
		};
/* End PBXGroup section */

/* Begin PBXNativeTarget section */
		7703193628B43A5F00B73161 /* CleanArchitectureDemo */ = {
			isa = PBXNativeTarget;
			buildConfigurationList = 7703194528B43A6000B73161 /* Build configuration list for PBXNativeTarget "CleanArchitectureDemo" */;
			buildPhases = (
				7703193328B43A5F00B73161 /* Sources */,
				7703193428B43A5F00B73161 /* Frameworks */,
				7703193528B43A5F00B73161 /* Resources */,
			);
			buildRules = (
			);
			dependencies = (
			);
			name = CleanArchitectureDemo;
			productName = CleanArchitectureDemo;
			productReference = 7703193728B43A5F00B73161 /* CleanArchitectureDemo.app */;
			productType = "com.apple.product-type.application";
		};
/* End PBXNativeTarget section */

/* Begin PBXProject section */
		7703192F28B43A5E00B73161 /* Project object */ = {
			isa = PBXProject;
			attributes = {
				BuildIndependentTargetsInParallel = 1;
				LastSwiftUpdateCheck = 1330;
				LastUpgradeCheck = 1330;
				TargetAttributes = {
					7703193628B43A5F00B73161 = {
						CreatedOnToolsVersion = 13.3.1;
					};
				};
			};
			buildConfigurationList = 7703193228B43A5E00B73161 /* Build configuration list for PBXProject "CleanArchitectureDemo" */;
			compatibilityVersion = "Xcode 13.0";
			developmentRegion = en;
			hasScannedForEncodings = 0;
			knownRegions = (
				en,
				Base,
			);
			mainGroup = 7703192E28B43A5E00B73161;
			productRefGroup = 7703193828B43A5F00B73161 /* Products */;
			projectDirPath = "";
			projectRoot = "";
			targets = (
				7703193628B43A5F00B73161 /* CleanArchitectureDemo */,
			);
		};
/* End PBXProject section */

/* Begin PBXResourcesBuildPhase section */
		7703193528B43A5F00B73161 /* Resources */ = {
			isa = PBXResourcesBuildPhase;
			buildActionMask = 2147483647;
			files = (
				7703194228B43A6000B73161 /* Preview Assets.xcassets in Resources */,
				7703193F28B43A6000B73161 /* Assets.xcassets in Resources */,
			);
			runOnlyForDeploymentPostprocessing = 0;
		};
/* End PBXResourcesBuildPhase section */

/* Begin PBXSourcesBuildPhase section */
		7703193328B43A5F00B73161 /* Sources */ = {
			isa = PBXSourcesBuildPhase;
			buildActionMask = 2147483647;
			files = (
				7703195E28B44D1C00B73161 /* CategoriesRepository.swift in Sources */,
				7703196028B44D1C00B73161 /* GetCategoriesUseCase.swift in Sources */,
				7703195F28B44D1C00B73161 /* CategoriesDomainModel.swift in Sources */,
				7703193D28B43A5F00B73161 /* ContentView.swift in Sources */,
				7703193B28B43A5F00B73161 /* CleanArchitectureDemoApp.swift in Sources */,
			);
			runOnlyForDeploymentPostprocessing = 0;
		};
/* End PBXSourcesBuildPhase section */

/* Begin XCBuildConfiguration section */
		7703194328B43A6000B73161 /* Debug */ = {
			isa = XCBuildConfiguration;
			buildSettings = {
				ALWAYS_SEARCH_USER_PATHS = NO;
				CLANG_ANALYZER_NONNULL = YES;
				CLANG_ANALYZER_NUMBER_OBJECT_CONVERSION = YES_AGGRESSIVE;
				CLANG_CXX_LANGUAGE_STANDARD = "gnu++17";
				CLANG_ENABLE_MODULES = YES;
				CLANG_ENABLE_OBJC_ARC = YES;
				CLANG_ENABLE_OBJC_WEAK = YES;
				CLANG_WARN_BLOCK_CAPTURE_AUTORELEASING = YES;
				CLANG_WARN_BOOL_CONVERSION = YES;
				CLANG_WARN_COMMA = YES;
				CLANG_WARN_CONSTANT_CONVERSION = YES;
				CLANG_WARN_DEPRECATED_OBJC_IMPLEMENTATIONS = YES;
				CLANG_WARN_DIRECT_OBJC_ISA_USAGE = YES_ERROR;
				CLANG_WARN_DOCUMENTATION_COMMENTS = YES;
				CLANG_WARN_EMPTY_BODY = YES;
				CLANG_WARN_ENUM_CONVERSION = YES;
				CLANG_WARN_INFINITE_RECURSION = YES;
				CLANG_WARN_INT_CONVERSION = YES;
				CLANG_WARN_NON_LITERAL_NULL_CONVERSION = YES;
				CLANG_WARN_OBJC_IMPLICIT_RETAIN_SELF = YES;
				CLANG_WARN_OBJC_LITERAL_CONVERSION = YES;
				CLANG_WARN_OBJC_ROOT_CLASS = YES_ERROR;
				CLANG_WARN_QUOTED_INCLUDE_IN_FRAMEWORK_HEADER = YES;
				CLANG_WARN_RANGE_LOOP_ANALYSIS = YES;
				CLANG_WARN_STRICT_PROTOTYPES = YES;
				CLANG_WARN_SUSPICIOUS_MOVE = YES;
				CLANG_WARN_UNGUARDED_AVAILABILITY = YES_AGGRESSIVE;
				CLANG_WARN_UNREACHABLE_CODE = YES;
				CLANG_WARN__DUPLICATE_METHOD_MATCH = YES;
				COPY_PHASE_STRIP = NO;
				DEBUG_INFORMATION_FORMAT = dwarf;
				ENABLE_STRICT_OBJC_MSGSEND = YES;
				ENABLE_TESTABILITY = YES;
				GCC_C_LANGUAGE_STANDARD = gnu11;
				GCC_DYNAMIC_NO_PIC = NO;
				GCC_NO_COMMON_BLOCKS = YES;
				GCC_OPTIMIZATION_LEVEL = 0;
				GCC_PREPROCESSOR_DEFINITIONS = (
					"DEBUG=1",
					"$(inherited)",
				);
				GCC_WARN_64_TO_32_BIT_CONVERSION = YES;
				GCC_WARN_ABOUT_RETURN_TYPE = YES_ERROR;
				GCC_WARN_UNDECLARED_SELECTOR = YES;
				GCC_WARN_UNINITIALIZED_AUTOS = YES_AGGRESSIVE;
				GCC_WARN_UNUSED_FUNCTION = YES;
				GCC_WARN_UNUSED_VARIABLE = YES;
				IPHONEOS_DEPLOYMENT_TARGET = 15.4;
				MTL_ENABLE_DEBUG_INFO = INCLUDE_SOURCE;
				MTL_FAST_MATH = YES;
				ONLY_ACTIVE_ARCH = YES;
				SDKROOT = iphoneos;
				SWIFT_ACTIVE_COMPILATION_CONDITIONS = DEBUG;
				SWIFT_OPTIMIZATION_LEVEL = "-Onone";
			};
			name = Debug;
		};
		7703194428B43A6000B73161 /* Release */ = {
			isa = XCBuildConfiguration;
			buildSettings = {
				ALWAYS_SEARCH_USER_PATHS = NO;
				CLANG_ANALYZER_NONNULL = YES;
				CLANG_ANALYZER_NUMBER_OBJECT_CONVERSION = YES_AGGRESSIVE;
				CLANG_CXX_LANGUAGE_STANDARD = "gnu++17";
				CLANG_ENABLE_MODULES = YES;
				CLANG_ENABLE_OBJC_ARC = YES;
				CLANG_ENABLE_OBJC_WEAK = YES;
				CLANG_WARN_BLOCK_CAPTURE_AUTORELEASING = YES;
				CLANG_WARN_BOOL_CONVERSION = YES;
				CLANG_WARN_COMMA = YES;
				CLANG_WARN_CONSTANT_CONVERSION = YES;
				CLANG_WARN_DEPRECATED_OBJC_IMPLEMENTATIONS = YES;
				CLANG_WARN_DIRECT_OBJC_ISA_USAGE = YES_ERROR;
				CLANG_WARN_DOCUMENTATION_COMMENTS = YES;
				CLANG_WARN_EMPTY_BODY = YES;
				CLANG_WARN_ENUM_CONVERSION = YES;
				CLANG_WARN_INFINITE_RECURSION = YES;
				CLANG_WARN_INT_CONVERSION = YES;
				CLANG_WARN_NON_LITERAL_NULL_CONVERSION = YES;
				CLANG_WARN_OBJC_IMPLICIT_RETAIN_SELF = YES;
				CLANG_WARN_OBJC_LITERAL_CONVERSION = YES;
				CLANG_WARN_OBJC_ROOT_CLASS = YES_ERROR;
				CLANG_WARN_QUOTED_INCLUDE_IN_FRAMEWORK_HEADER = YES;
				CLANG_WARN_RANGE_LOOP_ANALYSIS = YES;
				CLANG_WARN_STRICT_PROTOTYPES = YES;
				CLANG_WARN_SUSPICIOUS_MOVE = YES;
				CLANG_WARN_UNGUARDED_AVAILABILITY = YES_AGGRESSIVE;
				CLANG_WARN_UNREACHABLE_CODE = YES;
				CLANG_WARN__DUPLICATE_METHOD_MATCH = YES;
				COPY_PHASE_STRIP = NO;
				DEBUG_INFORMATION_FORMAT = "dwarf-with-dsym";
				ENABLE_NS_ASSERTIONS = NO;
				ENABLE_STRICT_OBJC_MSGSEND = YES;
				GCC_C_LANGUAGE_STANDARD = gnu11;
				GCC_NO_COMMON_BLOCKS = YES;
				GCC_WARN_64_TO_32_BIT_CONVERSION = YES;
				GCC_WARN_ABOUT_RETURN_TYPE = YES_ERROR;
				GCC_WARN_UNDECLARED_SELECTOR = YES;
				GCC_WARN_UNINITIALIZED_AUTOS = YES_AGGRESSIVE;
				GCC_WARN_UNUSED_FUNCTION = YES;
				GCC_WARN_UNUSED_VARIABLE = YES;
				IPHONEOS_DEPLOYMENT_TARGET = 15.4;
				MTL_ENABLE_DEBUG_INFO = NO;
				MTL_FAST_MATH = YES;
				SDKROOT = iphoneos;
				SWIFT_COMPILATION_MODE = wholemodule;
				SWIFT_OPTIMIZATION_LEVEL = "-O";
				VALIDATE_PRODUCT = YES;
			};
			name = Release;
		};
		7703194628B43A6000B73161 /* Debug */ = {
			isa = XCBuildConfiguration;
			buildSettings = {
				ASSETCATALOG_COMPILER_APPICON_NAME = AppIcon;
				ASSETCATALOG_COMPILER_GLOBAL_ACCENT_COLOR_NAME = AccentColor;
				CODE_SIGN_STYLE = Automatic;
				CURRENT_PROJECT_VERSION = 1;
				DEVELOPMENT_ASSET_PATHS = "\"CleanArchitectureDemo/Preview Content\"";
				DEVELOPMENT_TEAM = Q57WS5K7MW;
				ENABLE_PREVIEWS = YES;
				GENERATE_INFOPLIST_FILE = YES;
				INFOPLIST_KEY_UIApplicationSceneManifest_Generation = YES;
				INFOPLIST_KEY_UIApplicationSupportsIndirectInputEvents = YES;
				INFOPLIST_KEY_UILaunchScreen_Generation = YES;
				INFOPLIST_KEY_UISupportedInterfaceOrientations_iPad = "UIInterfaceOrientationPortrait UIInterfaceOrientationPortraitUpsideDown UIInterfaceOrientationLandscapeLeft UIInterfaceOrientationLandscapeRight";
				INFOPLIST_KEY_UISupportedInterfaceOrientations_iPhone = "UIInterfaceOrientationPortrait UIInterfaceOrientationLandscapeLeft UIInterfaceOrientationLandscapeRight";
				LD_RUNPATH_SEARCH_PATHS = (
					"$(inherited)",
					"@executable_path/Frameworks",
				);
				MARKETING_VERSION = 1.0;
				PRODUCT_BUNDLE_IDENTIFIER = a.CleanArchitectureDemo;
				PRODUCT_NAME = "$(TARGET_NAME)";
				SWIFT_EMIT_LOC_STRINGS = YES;
				SWIFT_VERSION = 5.0;
				TARGETED_DEVICE_FAMILY = "1,2";
			};
			name = Debug;
		};
		7703194728B43A6000B73161 /* Release */ = {
			isa = XCBuildConfiguration;
			buildSettings = {
				ASSETCATALOG_COMPILER_APPICON_NAME = AppIcon;
				ASSETCATALOG_COMPILER_GLOBAL_ACCENT_COLOR_NAME = AccentColor;
				CODE_SIGN_STYLE = Automatic;
				CURRENT_PROJECT_VERSION = 1;
				DEVELOPMENT_ASSET_PATHS = "\"CleanArchitectureDemo/Preview Content\"";
				DEVELOPMENT_TEAM = Q57WS5K7MW;
				ENABLE_PREVIEWS = YES;
				GENERATE_INFOPLIST_FILE = YES;
				INFOPLIST_KEY_UIApplicationSceneManifest_Generation = YES;
				INFOPLIST_KEY_UIApplicationSupportsIndirectInputEvents = YES;
				INFOPLIST_KEY_UILaunchScreen_Generation = YES;
				INFOPLIST_KEY_UISupportedInterfaceOrientations_iPad = "UIInterfaceOrientationPortrait UIInterfaceOrientationPortraitUpsideDown UIInterfaceOrientationLandscapeLeft UIInterfaceOrientationLandscapeRight";
				INFOPLIST_KEY_UISupportedInterfaceOrientations_iPhone = "UIInterfaceOrientationPortrait UIInterfaceOrientationLandscapeLeft UIInterfaceOrientationLandscapeRight";
				LD_RUNPATH_SEARCH_PATHS = (
					"$(inherited)",
					"@executable_path/Frameworks",
				);
				MARKETING_VERSION = 1.0;
				PRODUCT_BUNDLE_IDENTIFIER = a.CleanArchitectureDemo;
				PRODUCT_NAME = "$(TARGET_NAME)";
				SWIFT_EMIT_LOC_STRINGS = YES;
				SWIFT_VERSION = 5.0;
				TARGETED_DEVICE_FAMILY = "1,2";
			};
			name = Release;
		};
/* End XCBuildConfiguration section */

/* Begin XCConfigurationList section */
		7703193228B43A5E00B73161 /* Build configuration list for PBXProject "CleanArchitectureDemo" */ = {
			isa = XCConfigurationList;
			buildConfigurations = (
				7703194328B43A6000B73161 /* Debug */,
				7703194428B43A6000B73161 /* Release */,
			);
			defaultConfigurationIsVisible = 0;
			defaultConfigurationName = Release;
		};
		7703194528B43A6000B73161 /* Build configuration list for PBXNativeTarget "CleanArchitectureDemo" */ = {
			isa = XCConfigurationList;
			buildConfigurations = (
				7703194628B43A6000B73161 /* Debug */,
				7703194728B43A6000B73161 /* Release */,
			);
			defaultConfigurationIsVisible = 0;
			defaultConfigurationName = Release;
		};
/* End XCConfigurationList section */
	};
	rootObject = 7703192F28B43A5E00B73161 /* Project object */;
}
